
Microsoft Visual Studio Solution File, Format Version 12.00
# Visual Studio 15
VisualStudioVersion = 15.0.28307.438
MinimumVisualStudioVersion = 10.0.40219.1
Project("{9A19103F-16F7-4668-BE54-9A1E7A4F7556}") = "QuizWeb", "QuizWeb\QuizWeb.csproj", "{3FFC8FD2-115C-4560-AC5B-C255CEE1B052}"
EndProject
Project("{9A19103F-16F7-4668-BE54-9A1E7A4F7556}") = "Quiz.Data", "Quiz.Data\Quiz.Data.csproj", "{CD3C983A-79EB-4A83-94DA-2BEBCD82BC88}"
EndProject
Project("{9A19103F-16F7-4668-BE54-9A1E7A4F7556}") = "Quiz.Models", "Quiz.Models\Quiz.Models.csproj", "{A3AAE5C8-11A5-4875-A958-248360E803E2}"
EndProject
Project("{FAE04EC0-301F-11D3-BF4B-00C04F79EFBC}") = "Quiz.Services.Interfaces", "Quiz.Services.Interfaces\Quiz.Services.Interfaces.csproj", "{3B6FDFB5-7657-46DB-A88D-E3FB9BCAD84C}"
EndProject
Project("{FAE04EC0-301F-11D3-BF4B-00C04F79EFBC}") = "Quiz.Services", "Quiz.Services\Quiz.Services.csproj", "{ED9D93F9-CBA6-47F0-9282-06599BE8E857}"
EndProject
Global
	GlobalSection(SolutionConfigurationPlatforms) = preSolution
		Debug|Any CPU = Debug|Any CPU
		Release|Any CPU = Release|Any CPU
	EndGlobalSection
	GlobalSection(ProjectConfigurationPlatforms) = postSolution
		{3FFC8FD2-115C-4560-AC5B-C255CEE1B052}.Debug|Any CPU.ActiveCfg = Debug|Any CPU
		{3FFC8FD2-115C-4560-AC5B-C255CEE1B052}.Debug|Any CPU.Build.0 = Debug|Any CPU
		{3FFC8FD2-115C-4560-AC5B-C255CEE1B052}.Release|Any CPU.ActiveCfg = Release|Any CPU
		{3FFC8FD2-115C-4560-AC5B-C255CEE1B052}.Release|Any CPU.Build.0 = Release|Any CPU
		{CD3C983A-79EB-4A83-94DA-2BEBCD82BC88}.Debug|Any CPU.ActiveCfg = Debug|Any CPU
		{CD3C983A-79EB-4A83-94DA-2BEBCD82BC88}.Debug|Any CPU.Build.0 = Debug|Any CPU
		{CD3C983A-79EB-4A83-94DA-2BEBCD82BC88}.Release|Any CPU.ActiveCfg = Release|Any CPU
		{CD3C983A-79EB-4A83-94DA-2BEBCD82BC88}.Release|Any CPU.Build.0 = Release|Any CPU
		{A3AAE5C8-11A5-4875-A958-248360E803E2}.Debug|Any CPU.ActiveCfg = Debug|Any CPU
		{A3AAE5C8-11A5-4875-A958-248360E803E2}.Debug|Any CPU.Build.0 = Debug|Any CPU
		{A3AAE5C8-11A5-4875-A958-248360E803E2}.Release|Any CPU.ActiveCfg = Release|Any CPU
		{A3AAE5C8-11A5-4875-A958-248360E803E2}.Release|Any CPU.Build.0 = Release|Any CPU
		{3B6FDFB5-7657-46DB-A88D-E3FB9BCAD84C}.Debug|Any CPU.ActiveCfg = Debug|Any CPU
		{3B6FDFB5-7657-46DB-A88D-E3FB9BCAD84C}.Debug|Any CPU.Build.0 = Debug|Any CPU
		{3B6FDFB5-7657-46DB-A88D-E3FB9BCAD84C}.Release|Any CPU.ActiveCfg = Release|Any CPU
		{3B6FDFB5-7657-46DB-A88D-E3FB9BCAD84C}.Release|Any CPU.Build.0 = Release|Any CPU
		{ED9D93F9-CBA6-47F0-9282-06599BE8E857}.Debug|Any CPU.ActiveCfg = Debug|Any CPU
		{ED9D93F9-CBA6-47F0-9282-06599BE8E857}.Debug|Any CPU.Build.0 = Debug|Any CPU
		{ED9D93F9-CBA6-47F0-9282-06599BE8E857}.Release|Any CPU.ActiveCfg = Release|Any CPU
		{ED9D93F9-CBA6-47F0-9282-06599BE8E857}.Release|Any CPU.Build.0 = Release|Any CPU
	EndGlobalSection
	GlobalSection(SolutionProperties) = preSolution
		HideSolutionNode = FALSE
	EndGlobalSection
	GlobalSection(ExtensibilityGlobals) = postSolution
		SolutionGuid = {ECFF6E2F-643E-4A4F-B662-D82A7D7370EA}
	EndGlobalSection
EndGlobal
